
Microsoft Visual Studio Solution File, Format Version 12.00
# Visual Studio Version 17
VisualStudioVersion = 17.1.32407.343
MinimumVisualStudioVersion = 10.0.40219.1
Project("{FAE04EC0-301F-11D3-BF4B-00C04F79EFBC}") = "Indexation", "Indexation\Indexation.csproj", "{7AE18DF8-B0C4-4275-BA1B-2B93279F7970}"
EndProject
Global
	GlobalSection(SolutionConfigurationPlatforms) = preSolution
		Debug|Any CPU = Debug|Any CPU
		Release|Any CPU = Release|Any CPU
	EndGlobalSection
	GlobalSection(ProjectConfigurationPlatforms) = postSolution
		{7AE18DF8-B0C4-4275-BA1B-2B93279F7970}.Debug|Any CPU.ActiveCfg = Debug|Any CPU
		{7AE18DF8-B0C4-4275-BA1B-2B93279F7970}.Debug|Any CPU.Build.0 = Debug|Any CPU
		{7AE18DF8-B0C4-4275-BA1B-2B93279F7970}.Release|Any CPU.ActiveCfg = Release|Any CPU
		{7AE18DF8-B0C4-4275-BA1B-2B93279F7970}.Release|Any CPU.Build.0 = Release|Any CPU
	EndGlobalSection
	GlobalSection(SolutionProperties) = preSolution
		HideSolutionNode = FALSE
	EndGlobalSection
	GlobalSection(ExtensibilityGlobals) = postSolution
		SolutionGuid = {080B0134-A118-4A8B-8A60-E50016DCE06C}
	EndGlobalSection
EndGlobal
